// !$*UTF8*$!
{
	archiveVersion = 1;
	classes = {
	};
	objectVersion = 50;
	objects = {

/* Begin PBXBuildFile section */
		CC1425AB261746B90073FB3B /* CloseButton.swift in Sources */ = {isa = PBXBuildFile; fileRef = CC1425AA261746B90073FB3B /* CloseButton.swift */; };
		CC1425AC261746B90073FB3B /* CloseButton.swift in Sources */ = {isa = PBXBuildFile; fileRef = CC1425AA261746B90073FB3B /* CloseButton.swift */; };
		CC1425B026174BF20073FB3B /* CourseDetail.swift in Sources */ = {isa = PBXBuildFile; fileRef = CC1425AF26174BF20073FB3B /* CourseDetail.swift */; };
		CC1425B126174BF20073FB3B /* CourseDetail.swift in Sources */ = {isa = PBXBuildFile; fileRef = CC1425AF26174BF20073FB3B /* CourseDetail.swift */; };
		CC1425BA26174D900073FB3B /* CourseSection.swift in Sources */ = {isa = PBXBuildFile; fileRef = CC1425B426174D900073FB3B /* CourseSection.swift */; };
		CC1425BB26174D900073FB3B /* CourseSection.swift in Sources */ = {isa = PBXBuildFile; fileRef = CC1425B426174D900073FB3B /* CourseSection.swift */; };
		CC1425BC26174D900073FB3B /* Download.swift in Sources */ = {isa = PBXBuildFile; fileRef = CC1425B526174D900073FB3B /* Download.swift */; };
		CC1425BD26174D900073FB3B /* Download.swift in Sources */ = {isa = PBXBuildFile; fileRef = CC1425B526174D900073FB3B /* Download.swift */; };
		CC1425BE26174D900073FB3B /* Livestream.swift in Sources */ = {isa = PBXBuildFile; fileRef = CC1425B626174D900073FB3B /* Livestream.swift */; };
		CC1425BF26174D900073FB3B /* Livestream.swift in Sources */ = {isa = PBXBuildFile; fileRef = CC1425B626174D900073FB3B /* Livestream.swift */; };
		CC1425C026174D900073FB3B /* LivestreamSection.swift in Sources */ = {isa = PBXBuildFile; fileRef = CC1425B726174D900073FB3B /* LivestreamSection.swift */; };
		CC1425C126174D900073FB3B /* LivestreamSection.swift in Sources */ = {isa = PBXBuildFile; fileRef = CC1425B726174D900073FB3B /* LivestreamSection.swift */; };
		CC1425C226174D900073FB3B /* GradientModel.swift in Sources */ = {isa = PBXBuildFile; fileRef = CC1425B826174D900073FB3B /* GradientModel.swift */; };
		CC1425C326174D900073FB3B /* GradientModel.swift in Sources */ = {isa = PBXBuildFile; fileRef = CC1425B826174D900073FB3B /* GradientModel.swift */; };
		CC1425C426174D900073FB3B /* Tutorial.swift in Sources */ = {isa = PBXBuildFile; fileRef = CC1425B926174D900073FB3B /* Tutorial.swift */; };
		CC1425C526174D900073FB3B /* Tutorial.swift in Sources */ = {isa = PBXBuildFile; fileRef = CC1425B926174D900073FB3B /* Tutorial.swift */; };
		CC1425C926174D970073FB3B /* TutorialSection.swift in Sources */ = {isa = PBXBuildFile; fileRef = CC1425C826174D970073FB3B /* TutorialSection.swift */; };
		CC1425CA26174D970073FB3B /* TutorialSection.swift in Sources */ = {isa = PBXBuildFile; fileRef = CC1425C826174D970073FB3B /* TutorialSection.swift */; };
		CC1425DA26174F8C0073FB3B /* VisualEffectBlur.swift in Sources */ = {isa = PBXBuildFile; fileRef = CC1425D926174F8C0073FB3B /* VisualEffectBlur.swift */; };
		CC1425DE26174F970073FB3B /* VisualEffectBlur.swift in Sources */ = {isa = PBXBuildFile; fileRef = CC1425DD26174F970073FB3B /* VisualEffectBlur.swift */; };
		CC8910D72613D38C0063E87E /* Course.swift in Sources */ = {isa = PBXBuildFile; fileRef = CC8910D62613D38C0063E87E /* Course.swift */; };
		CC93ECB026129E5F00CD5E20 /* Programming_MasteryApp.swift in Sources */ = {isa = PBXBuildFile; fileRef = CC93EC9D26129E5E00CD5E20 /* Programming_MasteryApp.swift */; };
		CC93ECB126129E5F00CD5E20 /* Programming_MasteryApp.swift in Sources */ = {isa = PBXBuildFile; fileRef = CC93EC9D26129E5E00CD5E20 /* Programming_MasteryApp.swift */; };
		CC93ECB226129E5F00CD5E20 /* ContentView.swift in Sources */ = {isa = PBXBuildFile; fileRef = CC93EC9E26129E5E00CD5E20 /* ContentView.swift */; };
		CC93ECB326129E5F00CD5E20 /* ContentView.swift in Sources */ = {isa = PBXBuildFile; fileRef = CC93EC9E26129E5E00CD5E20 /* ContentView.swift */; };
		CC93ECB426129E5F00CD5E20 /* Assets.xcassets in Resources */ = {isa = PBXBuildFile; fileRef = CC93EC9F26129E5F00CD5E20 /* Assets.xcassets */; };
		CC93ECB526129E5F00CD5E20 /* Assets.xcassets in Resources */ = {isa = PBXBuildFile; fileRef = CC93EC9F26129E5F00CD5E20 /* Assets.xcassets */; };
		CC93ECC22612B15D00CD5E20 /* CourseRow.swift in Sources */ = {isa = PBXBuildFile; fileRef = CC93ECC12612B15D00CD5E20 /* CourseRow.swift */; };
		CC93ECC82612B2E900CD5E20 /* CoursesView.swift in Sources */ = {isa = PBXBuildFile; fileRef = CC93ECC72612B2E900CD5E20 /* CoursesView.swift */; };
		CC93ECCC2612B35500CD5E20 /* Sidebar.swift in Sources */ = {isa = PBXBuildFile; fileRef = CC93ECCB2612B35500CD5E20 /* Sidebar.swift */; };
		CC93ECD02612B91F00CD5E20 /* CourseItem.swift in Sources */ = {isa = PBXBuildFile; fileRef = CC93ECCF2612B91F00CD5E20 /* CourseItem.swift */; };
		CC93ECD42612B9B700CD5E20 /* CourseList.swift in Sources */ = {isa = PBXBuildFile; fileRef = CC93ECD32612B9B700CD5E20 /* CourseList.swift */; };
		CC93ECDA2612BA7B00CD5E20 /* Sidebar.swift in Sources */ = {isa = PBXBuildFile; fileRef = CC93ECCB2612B35500CD5E20 /* Sidebar.swift */; };
/* End PBXBuildFile section */

/* Begin PBXFileReference section */
		CC1425AA261746B90073FB3B /* CloseButton.swift */ = {isa = PBXFileReference; lastKnownFileType = sourcecode.swift; path = CloseButton.swift; sourceTree = "<group>"; };
		CC1425AF26174BF20073FB3B /* CourseDetail.swift */ = {isa = PBXFileReference; lastKnownFileType = sourcecode.swift; path = CourseDetail.swift; sourceTree = "<group>"; };
		CC1425B426174D900073FB3B /* CourseSection.swift */ = {isa = PBXFileReference; fileEncoding = 4; lastKnownFileType = sourcecode.swift; path = CourseSection.swift; sourceTree = "<group>"; };
		CC1425B526174D900073FB3B /* Download.swift */ = {isa = PBXFileReference; fileEncoding = 4; lastKnownFileType = sourcecode.swift; path = Download.swift; sourceTree = "<group>"; };
		CC1425B626174D900073FB3B /* Livestream.swift */ = {isa = PBXFileReference; fileEncoding = 4; lastKnownFileType = sourcecode.swift; path = Livestream.swift; sourceTree = "<group>"; };
		CC1425B726174D900073FB3B /* LivestreamSection.swift */ = {isa = PBXFileReference; fileEncoding = 4; lastKnownFileType = sourcecode.swift; path = LivestreamSection.swift; sourceTree = "<group>"; };
		CC1425B826174D900073FB3B /* GradientModel.swift */ = {isa = PBXFileReference; fileEncoding = 4; lastKnownFileType = sourcecode.swift; path = GradientModel.swift; sourceTree = "<group>"; };
		CC1425B926174D900073FB3B /* Tutorial.swift */ = {isa = PBXFileReference; fileEncoding = 4; lastKnownFileType = sourcecode.swift; path = Tutorial.swift; sourceTree = "<group>"; };
		CC1425C826174D970073FB3B /* TutorialSection.swift */ = {isa = PBXFileReference; fileEncoding = 4; lastKnownFileType = sourcecode.swift; path = TutorialSection.swift; sourceTree = "<group>"; };
		CC1425D926174F8C0073FB3B /* VisualEffectBlur.swift */ = {isa = PBXFileReference; fileEncoding = 4; lastKnownFileType = sourcecode.swift; path = VisualEffectBlur.swift; sourceTree = "<group>"; };
		CC1425DD26174F970073FB3B /* VisualEffectBlur.swift */ = {isa = PBXFileReference; fileEncoding = 4; lastKnownFileType = sourcecode.swift; path = VisualEffectBlur.swift; sourceTree = "<group>"; };
		CC8910D62613D38C0063E87E /* Course.swift */ = {isa = PBXFileReference; lastKnownFileType = sourcecode.swift; path = Course.swift; sourceTree = "<group>"; };
		CC93EC9D26129E5E00CD5E20 /* Programming_MasteryApp.swift */ = {isa = PBXFileReference; lastKnownFileType = sourcecode.swift; path = Programming_MasteryApp.swift; sourceTree = "<group>"; };
		CC93EC9E26129E5E00CD5E20 /* ContentView.swift */ = {isa = PBXFileReference; lastKnownFileType = sourcecode.swift; path = ContentView.swift; sourceTree = "<group>"; };
		CC93EC9F26129E5F00CD5E20 /* Assets.xcassets */ = {isa = PBXFileReference; lastKnownFileType = folder.assetcatalog; path = Assets.xcassets; sourceTree = "<group>"; };
		CC93ECA426129E5F00CD5E20 /* Programming-Mastery.app */ = {isa = PBXFileReference; explicitFileType = wrapper.application; includeInIndex = 0; path = "Programming-Mastery.app"; sourceTree = BUILT_PRODUCTS_DIR; };
		CC93ECA726129E5F00CD5E20 /* Info.plist */ = {isa = PBXFileReference; lastKnownFileType = text.plist.xml; path = Info.plist; sourceTree = "<group>"; };
		CC93ECAC26129E5F00CD5E20 /* Programming-Mastery.app */ = {isa = PBXFileReference; explicitFileType = wrapper.application; includeInIndex = 0; path = "Programming-Mastery.app"; sourceTree = BUILT_PRODUCTS_DIR; };
		CC93ECAE26129E5F00CD5E20 /* Info.plist */ = {isa = PBXFileReference; lastKnownFileType = text.plist.xml; path = Info.plist; sourceTree = "<group>"; };
		CC93ECAF26129E5F00CD5E20 /* macOS.entitlements */ = {isa = PBXFileReference; lastKnownFileType = text.plist.entitlements; path = macOS.entitlements; sourceTree = "<group>"; };
		CC93ECC12612B15D00CD5E20 /* CourseRow.swift */ = {isa = PBXFileReference; lastKnownFileType = sourcecode.swift; path = CourseRow.swift; sourceTree = "<group>"; };
		CC93ECC72612B2E900CD5E20 /* CoursesView.swift */ = {isa = PBXFileReference; lastKnownFileType = sourcecode.swift; path = CoursesView.swift; sourceTree = "<group>"; };
		CC93ECCB2612B35500CD5E20 /* Sidebar.swift */ = {isa = PBXFileReference; lastKnownFileType = sourcecode.swift; path = Sidebar.swift; sourceTree = "<group>"; };
		CC93ECCF2612B91F00CD5E20 /* CourseItem.swift */ = {isa = PBXFileReference; lastKnownFileType = sourcecode.swift; path = CourseItem.swift; sourceTree = "<group>"; };
		CC93ECD32612B9B700CD5E20 /* CourseList.swift */ = {isa = PBXFileReference; lastKnownFileType = sourcecode.swift; path = CourseList.swift; sourceTree = "<group>"; };
/* End PBXFileReference section */

/* Begin PBXFrameworksBuildPhase section */
		CC93ECA126129E5F00CD5E20 /* Frameworks */ = {
			isa = PBXFrameworksBuildPhase;
			buildActionMask = 2147483647;
			files = (
			);
			runOnlyForDeploymentPostprocessing = 0;
		};
		CC93ECA926129E5F00CD5E20 /* Frameworks */ = {
			isa = PBXFrameworksBuildPhase;
			buildActionMask = 2147483647;
			files = (
			);
			runOnlyForDeploymentPostprocessing = 0;
		};
/* End PBXFrameworksBuildPhase section */

/* Begin PBXGroup section */
		CC8910D52613D3800063E87E /* Model */ = {
			isa = PBXGroup;
			children = (
				CC8910D62613D38C0063E87E /* Course.swift */,
				CC1425B426174D900073FB3B /* CourseSection.swift */,
				CC1425B526174D900073FB3B /* Download.swift */,
				CC1425B826174D900073FB3B /* GradientModel.swift */,
				CC1425B626174D900073FB3B /* Livestream.swift */,
				CC1425B726174D900073FB3B /* LivestreamSection.swift */,
				CC1425B926174D900073FB3B /* Tutorial.swift */,
				CC1425C826174D970073FB3B /* TutorialSection.swift */,
			);
			path = Model;
			sourceTree = "<group>";
		};
		CC93EC9726129E5E00CD5E20 = {
			isa = PBXGroup;
			children = (
				CC93EC9C26129E5E00CD5E20 /* Shared */,
				CC93ECA626129E5F00CD5E20 /* iOS */,
				CC93ECAD26129E5F00CD5E20 /* macOS */,
				CC93ECA526129E5F00CD5E20 /* Products */,
			);
			sourceTree = "<group>";
		};
		CC93EC9C26129E5E00CD5E20 /* Shared */ = {
			isa = PBXGroup;
			children = (
				CC8910D52613D3800063E87E /* Model */,
				CC93ECDD2612BA8C00CD5E20 /* Items */,
				CC93ECD92612BA6F00CD5E20 /* Navigation */,
				CC93ECC02612B14C00CD5E20 /* View */,
				CC93EC9D26129E5E00CD5E20 /* Programming_MasteryApp.swift */,
				CC93EC9F26129E5F00CD5E20 /* Assets.xcassets */,
			);
			path = Shared;
			sourceTree = "<group>";
		};
		CC93ECA526129E5F00CD5E20 /* Products */ = {
			isa = PBXGroup;
			children = (
				CC93ECA426129E5F00CD5E20 /* Programming-Mastery.app */,
				CC93ECAC26129E5F00CD5E20 /* Programming-Mastery.app */,
			);
			name = Products;
			sourceTree = "<group>";
		};
		CC93ECA626129E5F00CD5E20 /* iOS */ = {
			isa = PBXGroup;
			children = (
				CC1425DD26174F970073FB3B /* VisualEffectBlur.swift */,
				CC93ECA726129E5F00CD5E20 /* Info.plist */,
			);
			path = iOS;
			sourceTree = "<group>";
		};
		CC93ECAD26129E5F00CD5E20 /* macOS */ = {
			isa = PBXGroup;
			children = (
				CC1425D926174F8C0073FB3B /* VisualEffectBlur.swift */,
				CC93ECAE26129E5F00CD5E20 /* Info.plist */,
				CC93ECAF26129E5F00CD5E20 /* macOS.entitlements */,
			);
			path = macOS;
			sourceTree = "<group>";
		};
		CC93ECC02612B14C00CD5E20 /* View */ = {
			isa = PBXGroup;
			children = (
				CC93ECC72612B2E900CD5E20 /* CoursesView.swift */,
				CC93ECD32612B9B700CD5E20 /* CourseList.swift */,
				CC1425AA261746B90073FB3B /* CloseButton.swift */,
				CC1425AF26174BF20073FB3B /* CourseDetail.swift */,
			);
			path = View;
			sourceTree = "<group>";
		};
		CC93ECD92612BA6F00CD5E20 /* Navigation */ = {
			isa = PBXGroup;
			children = (
				CC93ECCB2612B35500CD5E20 /* Sidebar.swift */,
				CC93EC9E26129E5E00CD5E20 /* ContentView.swift */,
			);
			path = Navigation;
			sourceTree = "<group>";
		};
		CC93ECDD2612BA8C00CD5E20 /* Items */ = {
			isa = PBXGroup;
			children = (
				CC93ECC12612B15D00CD5E20 /* CourseRow.swift */,
				CC93ECCF2612B91F00CD5E20 /* CourseItem.swift */,
			);
			path = Items;
			sourceTree = "<group>";
		};
/* End PBXGroup section */

/* Begin PBXNativeTarget section */
		CC93ECA326129E5F00CD5E20 /* Programming-Mastery (iOS) */ = {
			isa = PBXNativeTarget;
			buildConfigurationList = CC93ECB826129E5F00CD5E20 /* Build configuration list for PBXNativeTarget "Programming-Mastery (iOS)" */;
			buildPhases = (
				CC93ECA026129E5F00CD5E20 /* Sources */,
				CC93ECA126129E5F00CD5E20 /* Frameworks */,
				CC93ECA226129E5F00CD5E20 /* Resources */,
			);
			buildRules = (
			);
			dependencies = (
			);
			name = "Programming-Mastery (iOS)";
			productName = "Programming-Mastery (iOS)";
			productReference = CC93ECA426129E5F00CD5E20 /* Programming-Mastery.app */;
			productType = "com.apple.product-type.application";
		};
		CC93ECAB26129E5F00CD5E20 /* Programming-Mastery (macOS) */ = {
			isa = PBXNativeTarget;
			buildConfigurationList = CC93ECBB26129E5F00CD5E20 /* Build configuration list for PBXNativeTarget "Programming-Mastery (macOS)" */;
			buildPhases = (
				CC93ECA826129E5F00CD5E20 /* Sources */,
				CC93ECA926129E5F00CD5E20 /* Frameworks */,
				CC93ECAA26129E5F00CD5E20 /* Resources */,
			);
			buildRules = (
			);
			dependencies = (
			);
			name = "Programming-Mastery (macOS)";
			productName = "Programming-Mastery (macOS)";
			productReference = CC93ECAC26129E5F00CD5E20 /* Programming-Mastery.app */;
			productType = "com.apple.product-type.application";
		};
/* End PBXNativeTarget section */

/* Begin PBXProject section */
		CC93EC9826129E5E00CD5E20 /* Project object */ = {
			isa = PBXProject;
			attributes = {
				LastSwiftUpdateCheck = 1240;
				LastUpgradeCheck = 1240;
				TargetAttributes = {
					CC93ECA326129E5F00CD5E20 = {
						CreatedOnToolsVersion = 12.4;
					};
					CC93ECAB26129E5F00CD5E20 = {
						CreatedOnToolsVersion = 12.4;
					};
				};
			};
			buildConfigurationList = CC93EC9B26129E5E00CD5E20 /* Build configuration list for PBXProject "Programming-Mastery" */;
			compatibilityVersion = "Xcode 9.3";
			developmentRegion = en;
			hasScannedForEncodings = 0;
			knownRegions = (
				en,
				Base,
			);
			mainGroup = CC93EC9726129E5E00CD5E20;
			productRefGroup = CC93ECA526129E5F00CD5E20 /* Products */;
			projectDirPath = "";
			projectRoot = "";
			targets = (
				CC93ECA326129E5F00CD5E20 /* Programming-Mastery (iOS) */,
				CC93ECAB26129E5F00CD5E20 /* Programming-Mastery (macOS) */,
			);
		};
/* End PBXProject section */

/* Begin PBXResourcesBuildPhase section */
		CC93ECA226129E5F00CD5E20 /* Resources */ = {
			isa = PBXResourcesBuildPhase;
			buildActionMask = 2147483647;
			files = (
				CC93ECB426129E5F00CD5E20 /* Assets.xcassets in Resources */,
			);
			runOnlyForDeploymentPostprocessing = 0;
		};
		CC93ECAA26129E5F00CD5E20 /* Resources */ = {
			isa = PBXResourcesBuildPhase;
			buildActionMask = 2147483647;
			files = (
				CC93ECB526129E5F00CD5E20 /* Assets.xcassets in Resources */,
			);
			runOnlyForDeploymentPostprocessing = 0;
		};
/* End PBXResourcesBuildPhase section */

/* Begin PBXSourcesBuildPhase section */
		CC93ECA026129E5F00CD5E20 /* Sources */ = {
			isa = PBXSourcesBuildPhase;
			buildActionMask = 2147483647;
			files = (
				CC8910D72613D38C0063E87E /* Course.swift in Sources */,
				CC93ECCC2612B35500CD5E20 /* Sidebar.swift in Sources */,
				CC1425BE26174D900073FB3B /* Livestream.swift in Sources */,
				CC93ECD02612B91F00CD5E20 /* CourseItem.swift in Sources */,
				CC1425B026174BF20073FB3B /* CourseDetail.swift in Sources */,
				CC1425AB261746B90073FB3B /* CloseButton.swift in Sources */,
				CC93ECB226129E5F00CD5E20 /* ContentView.swift in Sources */,
				CC1425BA26174D900073FB3B /* CourseSection.swift in Sources */,
				CC93ECC22612B15D00CD5E20 /* CourseRow.swift in Sources */,
				CC93ECB026129E5F00CD5E20 /* Programming_MasteryApp.swift in Sources */,
				CC1425BC26174D900073FB3B /* Download.swift in Sources */,
				CC1425C026174D900073FB3B /* LivestreamSection.swift in Sources */,
				CC93ECC82612B2E900CD5E20 /* CoursesView.swift in Sources */,
				CC1425C426174D900073FB3B /* Tutorial.swift in Sources */,
				CC1425C926174D970073FB3B /* TutorialSection.swift in Sources */,
				CC1425DE26174F970073FB3B /* VisualEffectBlur.swift in Sources */,
				CC93ECD42612B9B700CD5E20 /* CourseList.swift in Sources */,
				CC1425C226174D900073FB3B /* GradientModel.swift in Sources */,
			);
			runOnlyForDeploymentPostprocessing = 0;
		};
		CC93ECA826129E5F00CD5E20 /* Sources */ = {
			isa = PBXSourcesBuildPhase;
			buildActionMask = 2147483647;
			files = (
				CC93ECB326129E5F00CD5E20 /* ContentView.swift in Sources */,
				CC1425CA26174D970073FB3B /* TutorialSection.swift in Sources */,
				CC93ECDA2612BA7B00CD5E20 /* Sidebar.swift in Sources */,
				CC1425AC261746B90073FB3B /* CloseButton.swift in Sources */,
				CC1425B126174BF20073FB3B /* CourseDetail.swift in Sources */,
				CC1425C526174D900073FB3B /* Tutorial.swift in Sources */,
				CC1425BB26174D900073FB3B /* CourseSection.swift in Sources */,
				CC1425DA26174F8C0073FB3B /* VisualEffectBlur.swift in Sources */,
				CC1425BD26174D900073FB3B /* Download.swift in Sources */,
				CC93ECB126129E5F00CD5E20 /* Programming_MasteryApp.swift in Sources */,
				CC1425BF26174D900073FB3B /* Livestream.swift in Sources */,
				CC1425C126174D900073FB3B /* LivestreamSection.swift in Sources */,
				CC1425C326174D900073FB3B /* GradientModel.swift in Sources */,
			);
			runOnlyForDeploymentPostprocessing = 0;
		};
/* End PBXSourcesBuildPhase section */

/* Begin XCBuildConfiguration section */
		CC93ECB626129E5F00CD5E20 /* Debug */ = {
			isa = XCBuildConfiguration;
			buildSettings = {
				ALWAYS_SEARCH_USER_PATHS = NO;
				CLANG_ANALYZER_NONNULL = YES;
				CLANG_ANALYZER_NUMBER_OBJECT_CONVERSION = YES_AGGRESSIVE;
				CLANG_CXX_LANGUAGE_STANDARD = "gnu++14";
				CLANG_CXX_LIBRARY = "libc++";
				CLANG_ENABLE_MODULES = YES;
				CLANG_ENABLE_OBJC_ARC = YES;
				CLANG_ENABLE_OBJC_WEAK = YES;
				CLANG_WARN_BLOCK_CAPTURE_AUTORELEASING = YES;
				CLANG_WARN_BOOL_CONVERSION = YES;
				CLANG_WARN_COMMA = YES;
				CLANG_WARN_CONSTANT_CONVERSION = YES;
				CLANG_WARN_DEPRECATED_OBJC_IMPLEMENTATIONS = YES;
				CLANG_WARN_DIRECT_OBJC_ISA_USAGE = YES_ERROR;
				CLANG_WARN_DOCUMENTATION_COMMENTS = YES;
				CLANG_WARN_EMPTY_BODY = YES;
				CLANG_WARN_ENUM_CONVERSION = YES;
				CLANG_WARN_INFINITE_RECURSION = YES;
				CLANG_WARN_INT_CONVERSION = YES;
				CLANG_WARN_NON_LITERAL_NULL_CONVERSION = YES;
				CLANG_WARN_OBJC_IMPLICIT_RETAIN_SELF = YES;
				CLANG_WARN_OBJC_LITERAL_CONVERSION = YES;
				CLANG_WARN_OBJC_ROOT_CLASS = YES_ERROR;
				CLANG_WARN_QUOTED_INCLUDE_IN_FRAMEWORK_HEADER = YES;
				CLANG_WARN_RANGE_LOOP_ANALYSIS = YES;
				CLANG_WARN_STRICT_PROTOTYPES = YES;
				CLANG_WARN_SUSPICIOUS_MOVE = YES;
				CLANG_WARN_UNGUARDED_AVAILABILITY = YES_AGGRESSIVE;
				CLANG_WARN_UNREACHABLE_CODE = YES;
				CLANG_WARN__DUPLICATE_METHOD_MATCH = YES;
				COPY_PHASE_STRIP = NO;
				DEBUG_INFORMATION_FORMAT = dwarf;
				ENABLE_STRICT_OBJC_MSGSEND = YES;
				ENABLE_TESTABILITY = YES;
				GCC_C_LANGUAGE_STANDARD = gnu11;
				GCC_DYNAMIC_NO_PIC = NO;
				GCC_NO_COMMON_BLOCKS = YES;
				GCC_OPTIMIZATION_LEVEL = 0;
				GCC_PREPROCESSOR_DEFINITIONS = (
					"DEBUG=1",
					"$(inherited)",
				);
				GCC_WARN_64_TO_32_BIT_CONVERSION = YES;
				GCC_WARN_ABOUT_RETURN_TYPE = YES_ERROR;
				GCC_WARN_UNDECLARED_SELECTOR = YES;
				GCC_WARN_UNINITIALIZED_AUTOS = YES_AGGRESSIVE;
				GCC_WARN_UNUSED_FUNCTION = YES;
				GCC_WARN_UNUSED_VARIABLE = YES;
				MTL_ENABLE_DEBUG_INFO = INCLUDE_SOURCE;
				MTL_FAST_MATH = YES;
				ONLY_ACTIVE_ARCH = YES;
				SWIFT_ACTIVE_COMPILATION_CONDITIONS = DEBUG;
				SWIFT_OPTIMIZATION_LEVEL = "-Onone";
			};
			name = Debug;
		};
		CC93ECB726129E5F00CD5E20 /* Release */ = {
			isa = XCBuildConfiguration;
			buildSettings = {
				ALWAYS_SEARCH_USER_PATHS = NO;
				CLANG_ANALYZER_NONNULL = YES;
				CLANG_ANALYZER_NUMBER_OBJECT_CONVERSION = YES_AGGRESSIVE;
				CLANG_CXX_LANGUAGE_STANDARD = "gnu++14";
				CLANG_CXX_LIBRARY = "libc++";
				CLANG_ENABLE_MODULES = YES;
				CLANG_ENABLE_OBJC_ARC = YES;
				CLANG_ENABLE_OBJC_WEAK = YES;
				CLANG_WARN_BLOCK_CAPTURE_AUTORELEASING = YES;
				CLANG_WARN_BOOL_CONVERSION = YES;
				CLANG_WARN_COMMA = YES;
				CLANG_WARN_CONSTANT_CONVERSION = YES;
				CLANG_WARN_DEPRECATED_OBJC_IMPLEMENTATIONS = YES;
				CLANG_WARN_DIRECT_OBJC_ISA_USAGE = YES_ERROR;
				CLANG_WARN_DOCUMENTATION_COMMENTS = YES;
				CLANG_WARN_EMPTY_BODY = YES;
				CLANG_WARN_ENUM_CONVERSION = YES;
				CLANG_WARN_INFINITE_RECURSION = YES;
				CLANG_WARN_INT_CONVERSION = YES;
				CLANG_WARN_NON_LITERAL_NULL_CONVERSION = YES;
				CLANG_WARN_OBJC_IMPLICIT_RETAIN_SELF = YES;
				CLANG_WARN_OBJC_LITERAL_CONVERSION = YES;
				CLANG_WARN_OBJC_ROOT_CLASS = YES_ERROR;
				CLANG_WARN_QUOTED_INCLUDE_IN_FRAMEWORK_HEADER = YES;
				CLANG_WARN_RANGE_LOOP_ANALYSIS = YES;
				CLANG_WARN_STRICT_PROTOTYPES = YES;
				CLANG_WARN_SUSPICIOUS_MOVE = YES;
				CLANG_WARN_UNGUARDED_AVAILABILITY = YES_AGGRESSIVE;
				CLANG_WARN_UNREACHABLE_CODE = YES;
				CLANG_WARN__DUPLICATE_METHOD_MATCH = YES;
				COPY_PHASE_STRIP = NO;
				DEBUG_INFORMATION_FORMAT = "dwarf-with-dsym";
				ENABLE_NS_ASSERTIONS = NO;
				ENABLE_STRICT_OBJC_MSGSEND = YES;
				GCC_C_LANGUAGE_STANDARD = gnu11;
				GCC_NO_COMMON_BLOCKS = YES;
				GCC_WARN_64_TO_32_BIT_CONVERSION = YES;
				GCC_WARN_ABOUT_RETURN_TYPE = YES_ERROR;
				GCC_WARN_UNDECLARED_SELECTOR = YES;
				GCC_WARN_UNINITIALIZED_AUTOS = YES_AGGRESSIVE;
				GCC_WARN_UNUSED_FUNCTION = YES;
				GCC_WARN_UNUSED_VARIABLE = YES;
				MTL_ENABLE_DEBUG_INFO = NO;
				MTL_FAST_MATH = YES;
				SWIFT_COMPILATION_MODE = wholemodule;
				SWIFT_OPTIMIZATION_LEVEL = "-O";
			};
			name = Release;
		};
		CC93ECB926129E5F00CD5E20 /* Debug */ = {
			isa = XCBuildConfiguration;
			buildSettings = {
				ASSETCATALOG_COMPILER_APPICON_NAME = AppIcon;
				ASSETCATALOG_COMPILER_GLOBAL_ACCENT_COLOR_NAME = AccentColor;
				CODE_SIGN_STYLE = Automatic;
				DEVELOPMENT_TEAM = 88QL9VPLMY;
				ENABLE_PREVIEWS = YES;
				INFOPLIST_FILE = iOS/Info.plist;
				IPHONEOS_DEPLOYMENT_TARGET = 14.0;
				LD_RUNPATH_SEARCH_PATHS = (
					"$(inherited)",
					"@executable_path/Frameworks",
				);
				PRODUCT_BUNDLE_IDENTIFIER = "com.transfinite.Programming-Mastery";
				PRODUCT_NAME = "Programming-Mastery";
				SDKROOT = iphoneos;
				SWIFT_VERSION = 5.0;
				TARGETED_DEVICE_FAMILY = "1,2";
			};
			name = Debug;
		};
		CC93ECBA26129E5F00CD5E20 /* Release */ = {
			isa = XCBuildConfiguration;
			buildSettings = {
				ASSETCATALOG_COMPILER_APPICON_NAME = AppIcon;
				ASSETCATALOG_COMPILER_GLOBAL_ACCENT_COLOR_NAME = AccentColor;
				CODE_SIGN_STYLE = Automatic;
				DEVELOPMENT_TEAM = 88QL9VPLMY;
				ENABLE_PREVIEWS = YES;
				INFOPLIST_FILE = iOS/Info.plist;
				IPHONEOS_DEPLOYMENT_TARGET = 14.0;
				LD_RUNPATH_SEARCH_PATHS = (
					"$(inherited)",
					"@executable_path/Frameworks",
				);
				PRODUCT_BUNDLE_IDENTIFIER = "com.transfinite.Programming-Mastery";
				PRODUCT_NAME = "Programming-Mastery";
				SDKROOT = iphoneos;
				SWIFT_VERSION = 5.0;
				TARGETED_DEVICE_FAMILY = "1,2";
				VALIDATE_PRODUCT = YES;
			};
			name = Release;
		};
		CC93ECBC26129E5F00CD5E20 /* Debug */ = {
			isa = XCBuildConfiguration;
			buildSettings = {
				ASSETCATALOG_COMPILER_APPICON_NAME = AppIcon;
				ASSETCATALOG_COMPILER_GLOBAL_ACCENT_COLOR_NAME = AccentColor;
				CODE_SIGN_ENTITLEMENTS = macOS/macOS.entitlements;
				CODE_SIGN_STYLE = Automatic;
				COMBINE_HIDPI_IMAGES = YES;
				DEVELOPMENT_TEAM = 88QL9VPLMY;
				ENABLE_HARDENED_RUNTIME = YES;
				ENABLE_PREVIEWS = YES;
				INFOPLIST_FILE = macOS/Info.plist;
				LD_RUNPATH_SEARCH_PATHS = (
					"$(inherited)",
					"@executable_path/../Frameworks",
				);
				MACOSX_DEPLOYMENT_TARGET = 11.0;
				PRODUCT_BUNDLE_IDENTIFIER = "com.transfinite.Programming-Mastery";
				PRODUCT_NAME = "Programming-Mastery";
				SDKROOT = macosx;
				SWIFT_VERSION = 5.0;
			};
			name = Debug;
		};
		CC93ECBD26129E5F00CD5E20 /* Release */ = {
			isa = XCBuildConfiguration;
			buildSettings = {
				ASSETCATALOG_COMPILER_APPICON_NAME = AppIcon;
				ASSETCATALOG_COMPILER_GLOBAL_ACCENT_COLOR_NAME = AccentColor;
				CODE_SIGN_ENTITLEMENTS = macOS/macOS.entitlements;
				CODE_SIGN_STYLE = Automatic;
				COMBINE_HIDPI_IMAGES = YES;
				DEVELOPMENT_TEAM = 88QL9VPLMY;
				ENABLE_HARDENED_RUNTIME = YES;
				ENABLE_PREVIEWS = YES;
				INFOPLIST_FILE = macOS/Info.plist;
				LD_RUNPATH_SEARCH_PATHS = (
					"$(inherited)",
					"@executable_path/../Frameworks",
				);
				MACOSX_DEPLOYMENT_TARGET = 11.0;
				PRODUCT_BUNDLE_IDENTIFIER = "com.transfinite.Programming-Mastery";
				PRODUCT_NAME = "Programming-Mastery";
				SDKROOT = macosx;
				SWIFT_VERSION = 5.0;
			};
			name = Release;
		};
/* End XCBuildConfiguration section */

/* Begin XCConfigurationList section */
		CC93EC9B26129E5E00CD5E20 /* Build configuration list for PBXProject "Programming-Mastery" */ = {
			isa = XCConfigurationList;
			buildConfigurations = (
				CC93ECB626129E5F00CD5E20 /* Debug */,
				CC93ECB726129E5F00CD5E20 /* Release */,
			);
			defaultConfigurationIsVisible = 0;
			defaultConfigurationName = Release;
		};
		CC93ECB826129E5F00CD5E20 /* Build configuration list for PBXNativeTarget "Programming-Mastery (iOS)" */ = {
			isa = XCConfigurationList;
			buildConfigurations = (
				CC93ECB926129E5F00CD5E20 /* Debug */,
				CC93ECBA26129E5F00CD5E20 /* Release */,
			);
			defaultConfigurationIsVisible = 0;
			defaultConfigurationName = Release;
		};
		CC93ECBB26129E5F00CD5E20 /* Build configuration list for PBXNativeTarget "Programming-Mastery (macOS)" */ = {
			isa = XCConfigurationList;
			buildConfigurations = (
				CC93ECBC26129E5F00CD5E20 /* Debug */,
				CC93ECBD26129E5F00CD5E20 /* Release */,
			);
			defaultConfigurationIsVisible = 0;
			defaultConfigurationName = Release;
		};
/* End XCConfigurationList section */
	};
	rootObject = CC93EC9826129E5E00CD5E20 /* Project object */;
}
